
Microsoft Visual Studio Solution File, Format Version 12.00
# Visual Studio Version 16
VisualStudioVersion = 16.0.810.22
MinimumVisualStudioVersion = 10.0.40219.1
Project("{FAE04EC0-301F-11D3-BF4B-00C04F79EFBC}") = "MyFirstApplication", "MyFirstApplication\MyFirstApplication.csproj", "{6B15B7DD-8DE4-4790-BF94-AC5E78E861A4}"
EndProject
Global
	GlobalSection(SolutionConfigurationPlatforms) = preSolution
		Debug|Any CPU = Debug|Any CPU
		Release|Any CPU = Release|Any CPU
	EndGlobalSection
	GlobalSection(ProjectConfigurationPlatforms) = postSolution
		{6B15B7DD-8DE4-4790-BF94-AC5E78E861A4}.Debug|Any CPU.ActiveCfg = Debug|Any CPU
		{6B15B7DD-8DE4-4790-BF94-AC5E78E861A4}.Debug|Any CPU.Build.0 = Debug|Any CPU
		{6B15B7DD-8DE4-4790-BF94-AC5E78E861A4}.Release|Any CPU.ActiveCfg = Release|Any CPU
		{6B15B7DD-8DE4-4790-BF94-AC5E78E861A4}.Release|Any CPU.Build.0 = Release|Any CPU
	EndGlobalSection
	GlobalSection(SolutionProperties) = preSolution
		HideSolutionNode = FALSE
	EndGlobalSection
	GlobalSection(ExtensibilityGlobals) = postSolution
		SolutionGuid = {FE3D639B-9ACD-4587-8B5E-92C86B02DFC1}
	EndGlobalSection
EndGlobal
